
Microsoft Visual Studio Solution File, Format Version 12.00
# Visual Studio Version 16
VisualStudioVersion = 16.0.31829.152
MinimumVisualStudioVersion = 10.0.40219.1
Project("{FAE04EC0-301F-11D3-BF4B-00C04F79EFBC}") = "Practice_Calc", "Practice_Calc\Practice_Calc.csproj", "{3E58B0F6-BEEA-403F-AEB4-649399417E4B}"
EndProject
Global
	GlobalSection(SolutionConfigurationPlatforms) = preSolution
		Debug|Any CPU = Debug|Any CPU
		Release|Any CPU = Release|Any CPU
	EndGlobalSection
	GlobalSection(ProjectConfigurationPlatforms) = postSolution
		{3E58B0F6-BEEA-403F-AEB4-649399417E4B}.Debug|Any CPU.ActiveCfg = Debug|Any CPU
		{3E58B0F6-BEEA-403F-AEB4-649399417E4B}.Debug|Any CPU.Build.0 = Debug|Any CPU
		{3E58B0F6-BEEA-403F-AEB4-649399417E4B}.Release|Any CPU.ActiveCfg = Release|Any CPU
		{3E58B0F6-BEEA-403F-AEB4-649399417E4B}.Release|Any CPU.Build.0 = Release|Any CPU
	EndGlobalSection
	GlobalSection(SolutionProperties) = preSolution
		HideSolutionNode = FALSE
	EndGlobalSection
	GlobalSection(ExtensibilityGlobals) = postSolution
		SolutionGuid = {790360CC-D654-4987-8229-10CABB643B53}
	EndGlobalSection
EndGlobal
